
Microsoft Visual Studio Solution File, Format Version 12.00
# Visual Studio Version 16
VisualStudioVersion = 16.0.29613.14
MinimumVisualStudioVersion = 10.0.40219.1
Project("{FAE04EC0-301F-11D3-BF4B-00C04F79EFBC}") = "MLNetLearn", "MLNetLearn\MLNetLearn.csproj", "{3CE55042-B962-4DE0-A073-6B09FC9B887A}"
EndProject
Global
	GlobalSection(SolutionConfigurationPlatforms) = preSolution
		Debug|Any CPU = Debug|Any CPU
		Release|Any CPU = Release|Any CPU
	EndGlobalSection
	GlobalSection(ProjectConfigurationPlatforms) = postSolution
		{3CE55042-B962-4DE0-A073-6B09FC9B887A}.Debug|Any CPU.ActiveCfg = Debug|Any CPU
		{3CE55042-B962-4DE0-A073-6B09FC9B887A}.Debug|Any CPU.Build.0 = Debug|Any CPU
		{3CE55042-B962-4DE0-A073-6B09FC9B887A}.Release|Any CPU.ActiveCfg = Release|Any CPU
		{3CE55042-B962-4DE0-A073-6B09FC9B887A}.Release|Any CPU.Build.0 = Release|Any CPU
	EndGlobalSection
	GlobalSection(SolutionProperties) = preSolution
		HideSolutionNode = FALSE
	EndGlobalSection
	GlobalSection(ExtensibilityGlobals) = postSolution
		SolutionGuid = {5FA4DB4A-3828-4563-B5B8-0C46E8572FB7}
	EndGlobalSection
EndGlobal
